
Microsoft Visual Studio Solution File, Format Version 12.00
# Visual Studio 15
VisualStudioVersion = 15.0.27703.2042
MinimumVisualStudioVersion = 10.0.40219.1
Project("{FAE04EC0-301F-11D3-BF4B-00C04F79EFBC}") = "ConnectedLevelApp.Console", "ConnectedLevelApp\ConnectedLevelApp.Console.csproj", "{E3264781-351F-4DA6-A1BE-65552B5D122E}"
EndProject
Project("{FAE04EC0-301F-11D3-BF4B-00C04F79EFBC}") = "ConnectedLevelApp.Models", "ConnectedLevelApp.Models\ConnectedLevelApp.Models.csproj", "{56BBCD02-2407-44E6-8DCC-305E79DA9798}"
EndProject
Project("{FAE04EC0-301F-11D3-BF4B-00C04F79EFBC}") = "ConnectedLevelApp.DataAccess", "ConnectedLevelApp.DataAccess\ConnectedLevelApp.DataAccess.csproj", "{F214B904-A3CA-41FA-97D3-CE678E0DCAA1}"
EndProject
Global
	GlobalSection(SolutionConfigurationPlatforms) = preSolution
		Debug|Any CPU = Debug|Any CPU
		Release|Any CPU = Release|Any CPU
	EndGlobalSection
	GlobalSection(ProjectConfigurationPlatforms) = postSolution
		{E3264781-351F-4DA6-A1BE-65552B5D122E}.Debug|Any CPU.ActiveCfg = Debug|Any CPU
		{E3264781-351F-4DA6-A1BE-65552B5D122E}.Debug|Any CPU.Build.0 = Debug|Any CPU
		{E3264781-351F-4DA6-A1BE-65552B5D122E}.Release|Any CPU.ActiveCfg = Release|Any CPU
		{E3264781-351F-4DA6-A1BE-65552B5D122E}.Release|Any CPU.Build.0 = Release|Any CPU
		{56BBCD02-2407-44E6-8DCC-305E79DA9798}.Debug|Any CPU.ActiveCfg = Debug|Any CPU
		{56BBCD02-2407-44E6-8DCC-305E79DA9798}.Debug|Any CPU.Build.0 = Debug|Any CPU
		{56BBCD02-2407-44E6-8DCC-305E79DA9798}.Release|Any CPU.ActiveCfg = Release|Any CPU
		{56BBCD02-2407-44E6-8DCC-305E79DA9798}.Release|Any CPU.Build.0 = Release|Any CPU
		{F214B904-A3CA-41FA-97D3-CE678E0DCAA1}.Debug|Any CPU.ActiveCfg = Debug|Any CPU
		{F214B904-A3CA-41FA-97D3-CE678E0DCAA1}.Debug|Any CPU.Build.0 = Debug|Any CPU
		{F214B904-A3CA-41FA-97D3-CE678E0DCAA1}.Release|Any CPU.ActiveCfg = Release|Any CPU
		{F214B904-A3CA-41FA-97D3-CE678E0DCAA1}.Release|Any CPU.Build.0 = Release|Any CPU
	EndGlobalSection
	GlobalSection(SolutionProperties) = preSolution
		HideSolutionNode = FALSE
	EndGlobalSection
	GlobalSection(ExtensibilityGlobals) = postSolution
		SolutionGuid = {5D4BAFAD-4BCF-4922-96DE-AA8596924802}
	EndGlobalSection
EndGlobal
